{
  "nodes": {
    "awesomerc": {
      "flake": false,
      "locked": {
        "lastModified": 1680068953,
        "narHash": "sha256-//Z8Z8+liY1Cj33zbB0pyXQE9fW1sNowcCWRjfXbeAA=",
        "owner": "sachnr",
        "repo": "awesomewm-dotfiles",
        "rev": "f9091f92fae6aaab3755b708aa76129ae6972e4b",
        "type": "github"
      },
      "original": {
        "owner": "sachnr",
        "repo": "awesomewm-dotfiles",
        "type": "github"
      }
    },
    "crane": {
      "inputs": {
        "flake-compat": "flake-compat_3",
        "flake-utils": "flake-utils_3",
        "nixpkgs": [
          "nixpkgs-f2k",
          "nixpkgs"
        ],
        "rust-overlay": "rust-overlay"
      },
      "locked": {
        "lastModified": 1680063688,
        "narHash": "sha256-hVt0i96VjwxKb/PvPfxM2otfvz923b8JHQ/l5XWeDIM=",
        "owner": "ipetkov",
        "repo": "crane",
        "rev": "6736e8be8e451b49954213241360e3b72529e47f",
        "type": "github"
      },
      "original": {
        "owner": "ipetkov",
        "repo": "crane",
        "type": "github"
      }
    },
    "fenix": {
      "inputs": {
        "nixpkgs": [
          "nixpkgs-f2k",
          "nixpkgs-fmt",
          "nixpkgs"
        ],
        "rust-analyzer-src": "rust-analyzer-src"
      },
      "locked": {
        "lastModified": 1637475807,
        "narHash": "sha256-E3nzOvlzZXwyo8Stp5upKsTCDcqUTYAFj4EC060A31c=",
        "owner": "nix-community",
        "repo": "fenix",
        "rev": "960e7fef45692a4fffc6df6d6b613b0399bbdfd5",
        "type": "github"
      },
      "original": {
        "owner": "nix-community",
        "repo": "fenix",
        "type": "github"
      }
    },
    "flake-compat": {
      "flake": false,
      "locked": {
        "lastModified": 1673956053,
        "narHash": "sha256-4gtG9iQuiKITOjNQQeQIpoIB6b16fm+504Ch3sNKLd8=",
        "owner": "edolstra",
        "repo": "flake-compat",
        "rev": "35bb57c0c8d8b62bbfd284272c928ceb64ddbde9",
        "type": "github"
      },
      "original": {
        "owner": "edolstra",
        "repo": "flake-compat",
        "type": "github"
      }
    },
    "flake-compat_2": {
      "flake": false,
      "locked": {
        "lastModified": 1668681692,
        "narHash": "sha256-Ht91NGdewz8IQLtWZ9LCeNXMSXHUss+9COoqu6JLmXU=",
        "owner": "edolstra",
        "repo": "flake-compat",
        "rev": "009399224d5e398d03b22badca40a37ac85412a1",
        "type": "github"
      },
      "original": {
        "owner": "edolstra",
        "repo": "flake-compat",
        "type": "github"
      }
    },
    "flake-compat_3": {
      "flake": false,
      "locked": {
        "lastModified": 1673956053,
        "narHash": "sha256-4gtG9iQuiKITOjNQQeQIpoIB6b16fm+504Ch3sNKLd8=",
        "owner": "edolstra",
        "repo": "flake-compat",
        "rev": "35bb57c0c8d8b62bbfd284272c928ceb64ddbde9",
        "type": "github"
      },
      "original": {
        "owner": "edolstra",
        "repo": "flake-compat",
        "type": "github"
      }
    },
    "flake-compat_4": {
      "flake": false,
      "locked": {
        "lastModified": 1673956053,
        "narHash": "sha256-4gtG9iQuiKITOjNQQeQIpoIB6b16fm+504Ch3sNKLd8=",
        "owner": "edolstra",
        "repo": "flake-compat",
        "rev": "35bb57c0c8d8b62bbfd284272c928ceb64ddbde9",
        "type": "github"
      },
      "original": {
        "owner": "edolstra",
        "repo": "flake-compat",
        "type": "github"
      }
    },
    "flake-parts": {
      "inputs": {
        "nixpkgs-lib": [
          "nixpkgs-wayland",
          "nix-eval-jobs",
          "nixpkgs"
        ]
      },
      "locked": {
        "lastModified": 1679737941,
        "narHash": "sha256-srSD9CwsVPnUMsIZ7Kt/UegkKUEBcTyU1Rev7mO45S0=",
        "owner": "hercules-ci",
        "repo": "flake-parts",
        "rev": "3502ee99d6dade045bdeaf7b0cd8ec703484c25c",
        "type": "github"
      },
      "original": {
        "owner": "hercules-ci",
        "repo": "flake-parts",
        "type": "github"
      }
    },
    "flake-utils": {
      "locked": {
        "lastModified": 1667395993,
        "narHash": "sha256-nuEHfE/LcWyuSWnS8t12N1wc105Qtau+/OdUAjtQ0rA=",
        "owner": "numtide",
        "repo": "flake-utils",
        "rev": "5aed5285a952e0b949eb3ba02c12fa4fcfef535f",
        "type": "github"
      },
      "original": {
        "owner": "numtide",
        "repo": "flake-utils",
        "type": "github"
      }
    },
    "flake-utils_2": {
      "locked": {
        "lastModified": 1667395993,
        "narHash": "sha256-nuEHfE/LcWyuSWnS8t12N1wc105Qtau+/OdUAjtQ0rA=",
        "owner": "numtide",
        "repo": "flake-utils",
        "rev": "5aed5285a952e0b949eb3ba02c12fa4fcfef535f",
        "type": "github"
      },
      "original": {
        "owner": "numtide",
        "repo": "flake-utils",
        "type": "github"
      }
    },
    "flake-utils_3": {
      "locked": {
        "lastModified": 1676283394,
        "narHash": "sha256-XX2f9c3iySLCw54rJ/CZs+ZK6IQy7GXNY4nSOyu2QG4=",
        "owner": "numtide",
        "repo": "flake-utils",
        "rev": "3db36a8b464d0c4532ba1c7dda728f4576d6d073",
        "type": "github"
      },
      "original": {
        "owner": "numtide",
        "repo": "flake-utils",
        "type": "github"
      }
    },
    "flake-utils_4": {
      "locked": {
        "lastModified": 1637014545,
        "narHash": "sha256-26IZAc5yzlD9FlDT54io1oqG/bBoyka+FJk5guaX4x4=",
        "owner": "numtide",
        "repo": "flake-utils",
        "rev": "bba5dcc8e0b20ab664967ad83d24d64cb64ec4f4",
        "type": "github"
      },
      "original": {
        "owner": "numtide",
        "repo": "flake-utils",
        "type": "github"
      }
    },
    "flake-utils_5": {
      "locked": {
        "lastModified": 1678901627,
        "narHash": "sha256-U02riOqrKKzwjsxc/400XnElV+UtPUQWpANPlyazjH0=",
        "owner": "numtide",
        "repo": "flake-utils",
        "rev": "93a2b84fc4b70d9e089d029deacc3583435c2ed6",
        "type": "github"
      },
      "original": {
        "owner": "numtide",
        "repo": "flake-utils",
        "type": "github"
      }
    },
    "gitignore": {
      "inputs": {
        "nixpkgs": [
          "nix-rice",
          "pre-commit-hooks",
          "nixpkgs"
        ]
      },
      "locked": {
        "lastModified": 1660459072,
        "narHash": "sha256-8DFJjXG8zqoONA1vXtgeKXy68KdJL5UaXR8NtVMUbx8=",
        "owner": "hercules-ci",
        "repo": "gitignore.nix",
        "rev": "a20de23b925fd8264fd7fad6454652e142fd7f73",
        "type": "github"
      },
      "original": {
        "owner": "hercules-ci",
        "repo": "gitignore.nix",
        "type": "github"
      }
    },
    "home-manager": {
      "inputs": {
        "nixpkgs": [
          "nixpkgs"
        ],
        "utils": "utils"
      },
      "locked": {
        "lastModified": 1680213625,
        "narHash": "sha256-vpDMDK9wH8YHpleKwxqIpXYLpWyO/0JKrkuBVWaDenk=",
        "owner": "nix-community",
        "repo": "home-manager",
        "rev": "d3fd3b9d697697563905575665de129938a213a0",
        "type": "github"
      },
      "original": {
        "owner": "nix-community",
        "repo": "home-manager",
        "type": "github"
      }
    },
    "kitty-themes": {
      "flake": false,
      "locked": {
        "lastModified": 1669518372,
        "narHash": "sha256-PGV/iPg7nFW8RMEMJbt1oGcAzTaS3u6I+sCpIDrx7ic=",
        "owner": "kovidgoyal",
        "repo": "kitty-themes",
        "rev": "4d309e984b81dd120d7a697abe4f817da6f3cfe5",
        "type": "github"
      },
      "original": {
        "owner": "kovidgoyal",
        "repo": "kitty-themes",
        "type": "github"
      }
    },
    "lib-aggregate": {
      "inputs": {
        "flake-utils": "flake-utils_5",
        "nixpkgs-lib": "nixpkgs-lib_2"
      },
      "locked": {
        "lastModified": 1679832509,
        "narHash": "sha256-LZecjt8KSlAEVJgaVPcXX6XBTsf/hyYB4AWThsA6f2M=",
        "owner": "nix-community",
        "repo": "lib-aggregate",
        "rev": "7068824f9ec4364c9375605f5af43793dd2eebee",
        "type": "github"
      },
      "original": {
        "owner": "nix-community",
        "repo": "lib-aggregate",
        "type": "github"
      }
    },
    "neovim-flake": {
      "inputs": {
        "flake-utils": "flake-utils",
        "nixpkgs": [
          "neovim-nightly-overlay",
          "nixpkgs"
        ]
      },
      "locked": {
        "dir": "contrib",
        "lastModified": 1680116052,
        "narHash": "sha256-vKGyPrW0rLFXzdqFCEcTu6BOvcK5k9MCCzDZvInqxG8=",
        "owner": "neovim",
        "repo": "neovim",
        "rev": "8b7fb668e440f7793564b764bc9a691e3f45382a",
        "type": "github"
      },
      "original": {
        "dir": "contrib",
        "owner": "neovim",
        "repo": "neovim",
        "type": "github"
      }
    },
    "neovim-nightly-overlay": {
      "inputs": {
        "flake-compat": "flake-compat",
        "neovim-flake": "neovim-flake",
        "nixpkgs": "nixpkgs"
      },
      "locked": {
        "lastModified": 1680164063,
        "narHash": "sha256-p9+J62tnpOsV9VG1STscjvmas7vOhIpaWpGUsWYMOhY=",
        "owner": "nix-community",
        "repo": "neovim-nightly-overlay",
        "rev": "c0aefdc143d934284e85f51dbcbc2ee589dd4758",
        "type": "github"
      },
      "original": {
        "owner": "nix-community",
        "repo": "neovim-nightly-overlay",
        "type": "github"
      }
    },
    "nix-eval-jobs": {
      "inputs": {
        "flake-parts": "flake-parts",
        "nixpkgs": "nixpkgs_5"
      },
      "locked": {
        "lastModified": 1680139406,
        "narHash": "sha256-HWZZLssXwWr6k56FaMtxtcnvIsby1f3UdMkGGGl1DRs=",
        "owner": "nix-community",
        "repo": "nix-eval-jobs",
        "rev": "10bb6ac58bc82546d8932e3d71001082254bdfe5",
        "type": "github"
      },
      "original": {
        "owner": "nix-community",
        "repo": "nix-eval-jobs",
        "type": "github"
      }
    },
    "nix-rice": {
      "inputs": {
        "flake-utils": "flake-utils_2",
        "kitty-themes": "kitty-themes",
        "nixpkgs-lib": "nixpkgs-lib",
        "pre-commit-hooks": "pre-commit-hooks"
      },
      "locked": {
        "lastModified": 1672653036,
        "narHash": "sha256-cifbZXl/fM+SBY5bN+jujMZEV+HolB3J2ja4K1RwzXA=",
        "owner": "bertof",
        "repo": "nix-rice",
        "rev": "ac810023c1bb3d999ab4295ea4eb261412f4b7c0",
        "type": "github"
      },
      "original": {
        "owner": "bertof",
        "repo": "nix-rice",
        "type": "github"
      }
    },
    "nixpkgs": {
      "locked": {
        "lastModified": 1680030621,
        "narHash": "sha256-qQa1NeS5Rvk2lgK5lSk986PC6I72yIHejzM8PFu+dHs=",
        "owner": "nixos",
        "repo": "nixpkgs",
        "rev": "402cc3633cc60dfc50378197305c984518b30773",
        "type": "github"
      },
      "original": {
        "owner": "nixos",
        "ref": "nixpkgs-unstable",
        "repo": "nixpkgs",
        "type": "github"
      }
    },
    "nixpkgs-f2k": {
      "inputs": {
        "crane": "crane",
        "nixpkgs": "nixpkgs_4",
        "nixpkgs-fmt": "nixpkgs-fmt",
        "river-src": "river-src",
        "wezterm-src": "wezterm-src"
      },
      "locked": {
        "lastModified": 1680144027,
        "narHash": "sha256-ganILZ4NrZYTlchNKnRDXIS9kOR8OHNLf8nBmdqjpbw=",
        "owner": "fortuneteller2k",
        "repo": "nixpkgs-f2k",
        "rev": "f4b7c38df359dcc597cb4dbf540ba9b8ded8cb31",
        "type": "github"
      },
      "original": {
        "owner": "fortuneteller2k",
        "repo": "nixpkgs-f2k",
        "type": "github"
      }
    },
    "nixpkgs-fmt": {
      "inputs": {
        "fenix": "fenix",
        "flake-utils": "flake-utils_4",
        "nixpkgs": [
          "nixpkgs-f2k",
          "nixpkgs"
        ]
      },
      "locked": {
        "lastModified": 1678089153,
        "narHash": "sha256-Kr6EDc4RZuUHUu4rP+gh4CQSMH35RDJJ9600vAPZVzo=",
        "owner": "nix-community",
        "repo": "nixpkgs-fmt",
        "rev": "398c5226d3402ec075d36c504a4575c40d01cf0c",
        "type": "github"
      },
      "original": {
        "owner": "nix-community",
        "repo": "nixpkgs-fmt",
        "type": "github"
      }
    },
    "nixpkgs-lib": {
      "locked": {
        "lastModified": 1671929364,
        "narHash": "sha256-N9GW06FZTKDpkv9YLMXswUxnX27b9qEtfTg7WsSdXjc=",
        "owner": "nix-community",
        "repo": "nixpkgs.lib",
        "rev": "a909f7a2fb4ec6d14d52b8a727bb9ba465e15766",
        "type": "github"
      },
      "original": {
        "owner": "nix-community",
        "repo": "nixpkgs.lib",
        "type": "github"
      }
    },
    "nixpkgs-lib_2": {
      "locked": {
        "lastModified": 1679791877,
        "narHash": "sha256-tTV1Mf0hPWIMtqyU16Kd2JUBDWvfHlDC9pF57vcbgpQ=",
        "owner": "nix-community",
        "repo": "nixpkgs.lib",
        "rev": "cc060ddbf652a532b54057081d5abd6144d01971",
        "type": "github"
      },
      "original": {
        "owner": "nix-community",
        "repo": "nixpkgs.lib",
        "type": "github"
      }
    },
    "nixpkgs-stable": {
      "locked": {
        "lastModified": 1671271954,
        "narHash": "sha256-cSvu+bnvN08sOlTBWbBrKaBHQZq8mvk8bgpt0ZJ2Snc=",
        "owner": "NixOS",
        "repo": "nixpkgs",
        "rev": "d513b448cc2a6da2c8803e3c197c9fc7e67b19e3",
        "type": "github"
      },
      "original": {
        "owner": "NixOS",
        "ref": "nixos-22.05",
        "repo": "nixpkgs",
        "type": "github"
      }
    },
    "nixpkgs-wayland": {
      "inputs": {
        "flake-compat": "flake-compat_4",
        "lib-aggregate": "lib-aggregate",
        "nix-eval-jobs": "nix-eval-jobs",
        "nixpkgs": "nixpkgs_6"
      },
      "locked": {
        "lastModified": 1680210689,
        "narHash": "sha256-SvahOig91wT0/MdwZXsjwvXJRQCQT5ynS8Sj8xLtRRo=",
        "owner": "nix-community",
        "repo": "nixpkgs-wayland",
        "rev": "33601d90e7ff2d5a48b50344428f5a4e235fc151",
        "type": "github"
      },
      "original": {
        "owner": "nix-community",
        "repo": "nixpkgs-wayland",
        "type": "github"
      }
    },
    "nixpkgs_2": {
      "locked": {
        "lastModified": 1671271357,
        "narHash": "sha256-xRJdLbWK4v2SewmSStYrcLa0YGJpleufl44A19XSW8k=",
        "owner": "NixOS",
        "repo": "nixpkgs",
        "rev": "40f79f003b6377bd2f4ed4027dde1f8f922995dd",
        "type": "github"
      },
      "original": {
        "owner": "NixOS",
        "ref": "nixos-unstable",
        "repo": "nixpkgs",
        "type": "github"
      }
    },
    "nixpkgs_3": {
      "locked": {
        "lastModified": 1680125544,
        "narHash": "sha256-mlqo1r+TZUOuypWdrZHluxWL+E5WzXlUXNZ9Y0WLDFU=",
        "owner": "NixOS",
        "repo": "nixpkgs",
        "rev": "9a6aabc4740790ef3bbb246b86d029ccf6759658",
        "type": "github"
      },
      "original": {
        "owner": "NixOS",
        "ref": "nixos-unstable",
        "repo": "nixpkgs",
        "type": "github"
      }
    },
    "nixpkgs_4": {
      "locked": {
        "lastModified": 1680141010,
        "narHash": "sha256-TZUdyq+751oQDwEJsU+/nUAxLsv4Q27gKaHAVfsWuac=",
        "owner": "NixOS",
        "repo": "nixpkgs",
        "rev": "fff2bdf73ff25d4abfe854fd8230b9fe07e3b694",
        "type": "github"
      },
      "original": {
        "owner": "NixOS",
        "ref": "master",
        "repo": "nixpkgs",
        "type": "github"
      }
    },
    "nixpkgs_5": {
      "locked": {
        "lastModified": 1680138801,
        "narHash": "sha256-TSO0F7fvX2+M6lpVYaGEOciq4Iawy/su2jZ8Mfi9nxc=",
        "owner": "NixOS",
        "repo": "nixpkgs",
        "rev": "4e416a8e847057c49e73be37ae8dc4fcdfe9eff8",
        "type": "github"
      },
      "original": {
        "owner": "NixOS",
        "ref": "master",
        "repo": "nixpkgs",
        "type": "github"
      }
    },
    "nixpkgs_6": {
      "locked": {
        "lastModified": 1680125544,
        "narHash": "sha256-mlqo1r+TZUOuypWdrZHluxWL+E5WzXlUXNZ9Y0WLDFU=",
        "owner": "nixos",
        "repo": "nixpkgs",
        "rev": "9a6aabc4740790ef3bbb246b86d029ccf6759658",
        "type": "github"
      },
      "original": {
        "owner": "nixos",
        "ref": "nixos-unstable",
        "repo": "nixpkgs",
        "type": "github"
      }
    },
    "nixpkgs_7": {
      "locked": {
        "lastModified": 1677995890,
        "narHash": "sha256-eOnCn0o3I6LP48fAi8xWFcn49V2rL7oX5jCtJTeN1LI=",
        "owner": "nixos",
        "repo": "nixpkgs",
        "rev": "a1240f6b4a0bcc84fc48008b396a140d9f3638f6",
        "type": "github"
      },
      "original": {
        "owner": "nixos",
        "ref": "nixpkgs-unstable",
        "repo": "nixpkgs",
        "type": "github"
      }
    },
    "nur": {
      "locked": {
        "lastModified": 1680225672,
        "narHash": "sha256-c69vMYrgGIoIzGVQnxn+I4ZHbhguUSEfK4azOENzxcc=",
        "owner": "nix-community",
        "repo": "NUR",
        "rev": "1bf6317512ad461db65a415aa4e04566ca1b1472",
        "type": "github"
      },
      "original": {
        "owner": "nix-community",
        "repo": "NUR",
        "type": "github"
      }
    },
    "pre-commit-hooks": {
      "inputs": {
        "flake-compat": "flake-compat_2",
        "flake-utils": [
          "nix-rice",
          "flake-utils"
        ],
        "gitignore": "gitignore",
        "nixpkgs": "nixpkgs_2",
        "nixpkgs-stable": "nixpkgs-stable"
      },
      "locked": {
        "lastModified": 1672050129,
        "narHash": "sha256-GBQMcvJUSwAVOpDjVKzB6D5mmHI7Y4nFw+04bnS9QrM=",
        "owner": "cachix",
        "repo": "pre-commit-hooks.nix",
        "rev": "67d98f02443b9928bc77f1267741dcfdd3d7b65c",
        "type": "github"
      },
      "original": {
        "owner": "cachix",
        "repo": "pre-commit-hooks.nix",
        "type": "github"
      }
    },
    "river-src": {
      "flake": false,
      "locked": {
        "lastModified": 1679751151,
        "narHash": "sha256-l4YiqoPYQWLg7tdnHDwQKFMLDY4ib0YihPdlHvBFgEU=",
        "ref": "refs/heads/master",
        "rev": "b3698150708bec276454c0ff7c707d9dab446b1e",
        "revCount": 1030,
        "submodules": true,
        "type": "git",
        "url": "https://github.com/riverwm/river.git"
      },
      "original": {
        "submodules": true,
        "type": "git",
        "url": "https://github.com/riverwm/river.git"
      }
    },
    "root": {
      "inputs": {
        "awesomerc": "awesomerc",
        "home-manager": "home-manager",
        "neovim-nightly-overlay": "neovim-nightly-overlay",
        "nix-rice": "nix-rice",
        "nixpkgs": "nixpkgs_3",
        "nixpkgs-f2k": "nixpkgs-f2k",
        "nixpkgs-wayland": "nixpkgs-wayland",
        "nur": "nur",
        "rtl8812au": "rtl8812au",
        "wallpapers": "wallpapers"
      }
    },
    "rtl8812au": {
      "flake": false,
      "locked": {
        "lastModified": 1678837267,
        "narHash": "sha256-O4A8zp/kb2VtOSsht2LV+6nyO+SlqIxZYPbX8N1LFCE=",
        "owner": "aircrack-ng",
        "repo": "rtl8812au",
        "rev": "eee82ac1401e211a58a42cd89ab788b4f55040af",
        "type": "github"
      },
      "original": {
        "owner": "aircrack-ng",
        "repo": "rtl8812au",
        "type": "github"
      }
    },
    "rust-analyzer-src": {
      "flake": false,
      "locked": {
        "lastModified": 1637439871,
        "narHash": "sha256-2awQ/obzl7zqYgLwbQL0zT58gN8Xq7n+81GcMiS595I=",
        "owner": "rust-analyzer",
        "repo": "rust-analyzer",
        "rev": "4566414789310acb2617543f4b50beab4bb48e06",
        "type": "github"
      },
      "original": {
        "owner": "rust-analyzer",
        "ref": "nightly",
        "repo": "rust-analyzer",
        "type": "github"
      }
    },
    "rust-overlay": {
      "inputs": {
        "flake-utils": [
          "nixpkgs-f2k",
          "crane",
          "flake-utils"
        ],
        "nixpkgs": [
          "nixpkgs-f2k",
          "crane",
          "nixpkgs"
        ]
      },
      "locked": {
        "lastModified": 1677812689,
        "narHash": "sha256-EakqhgRnjVeYJv5+BJx/NZ7/eFTMBxc4AhICUNquhUg=",
        "owner": "oxalica",
        "repo": "rust-overlay",
        "rev": "e53e8853aa7b0688bc270e9e6a681d22e01cf299",
        "type": "github"
      },
      "original": {
        "owner": "oxalica",
        "repo": "rust-overlay",
        "type": "github"
      }
    },
    "utils": {
      "locked": {
        "lastModified": 1676283394,
        "narHash": "sha256-XX2f9c3iySLCw54rJ/CZs+ZK6IQy7GXNY4nSOyu2QG4=",
        "owner": "numtide",
        "repo": "flake-utils",
        "rev": "3db36a8b464d0c4532ba1c7dda728f4576d6d073",
        "type": "github"
      },
      "original": {
        "owner": "numtide",
        "repo": "flake-utils",
        "type": "github"
      }
    },
    "wallpapers": {
      "inputs": {
        "nixpkgs": "nixpkgs_7",
        "wallpapers": "wallpapers_2"
      },
      "locked": {
        "lastModified": 1678129313,
        "narHash": "sha256-t7iLsGu3nsbs2jPMLpgV2uh3TTWzVek0InwxinffN1Y=",
        "owner": "sachnr",
        "repo": "asdf",
        "rev": "0e3e7ba9c33844353a13266d1bd0100ceb3d8715",
        "type": "github"
      },
      "original": {
        "owner": "sachnr",
        "repo": "asdf",
        "type": "github"
      }
    },
    "wallpapers_2": {
      "flake": false,
      "locked": {
        "lastModified": 1678117636,
        "narHash": "sha256-o6qHbbm61mDcNrojwVb4ROHF+7vUrQ9F0+QAMapHDkg=",
        "owner": "sachnr",
        "repo": "wallpapers",
        "rev": "c062aa19922f0d00e3cecc1a02986201ffad1eb5",
        "type": "github"
      },
      "original": {
        "owner": "sachnr",
        "repo": "wallpapers",
        "type": "github"
      }
    },
    "wezterm-src": {
      "flake": false,
      "locked": {
        "lastModified": 1680143650,
        "narHash": "sha256-K7VZY3JQ+kf6Rvr2zYmtNBuRIWWRBgorzGANCJzS6Gg=",
        "ref": "main",
        "rev": "2c9fd0ef6ceb978f0f1c8bf05f5cb9c047e3e062",
        "revCount": 6953,
        "submodules": true,
        "type": "git",
        "url": "https://github.com/wez/wezterm.git"
      },
      "original": {
        "ref": "main",
        "submodules": true,
        "type": "git",
        "url": "https://github.com/wez/wezterm.git"
      }
    }
  },
  "root": "root",
  "version": 7
}
